
Microsoft Visual Studio Solution File, Format Version 12.00
# Visual Studio 15
VisualStudioVersion = 15.0.27004.2010
MinimumVisualStudioVersion = 10.0.40219.1
Project("{FAE04EC0-301F-11D3-BF4B-00C04F79EFBC}") = "Backend", "Backend.csproj", "{80234153-9EED-47F9-8DD8-2DF49F84235B}"
EndProject
Global
	GlobalSection(SolutionConfigurationPlatforms) = preSolution
		Debug|Any CPU = Debug|Any CPU
		Release|Any CPU = Release|Any CPU
	EndGlobalSection
	GlobalSection(ProjectConfigurationPlatforms) = postSolution
		{80234153-9EED-47F9-8DD8-2DF49F84235B}.Debug|Any CPU.ActiveCfg = Debug|Any CPU
		{80234153-9EED-47F9-8DD8-2DF49F84235B}.Debug|Any CPU.Build.0 = Debug|Any CPU
		{80234153-9EED-47F9-8DD8-2DF49F84235B}.Release|Any CPU.ActiveCfg = Release|Any CPU
		{80234153-9EED-47F9-8DD8-2DF49F84235B}.Release|Any CPU.Build.0 = Release|Any CPU
	EndGlobalSection
	GlobalSection(SolutionProperties) = preSolution
		HideSolutionNode = FALSE
	EndGlobalSection
	GlobalSection(ExtensibilityGlobals) = postSolution
		SolutionGuid = {17B3DCDD-B5BA-46E7-981F-5D66125FAA4E}
	EndGlobalSection
EndGlobal
